
Microsoft Visual Studio Solution File, Format Version 12.00
# Visual Studio Version 16
VisualStudioVersion = 16.0.29215.179
MinimumVisualStudioVersion = 10.0.40219.1
Project("{9A19103F-16F7-4668-BE54-9A1E7A4F7556}") = "PhaseRoundLightning", "PhaseRoundBuff\PhaseRoundLightning.csproj", "{3333A326-DDA2-4BD1-8030-72E0AC3B3EB2}"
EndProject
Global
	GlobalSection(SolutionConfigurationPlatforms) = preSolution
		Debug|Any CPU = Debug|Any CPU
		Release|Any CPU = Release|Any CPU
	EndGlobalSection
	GlobalSection(ProjectConfigurationPlatforms) = postSolution
		{3333A326-DDA2-4BD1-8030-72E0AC3B3EB2}.Debug|Any CPU.ActiveCfg = Debug|Any CPU
		{3333A326-DDA2-4BD1-8030-72E0AC3B3EB2}.Debug|Any CPU.Build.0 = Debug|Any CPU
		{3333A326-DDA2-4BD1-8030-72E0AC3B3EB2}.Release|Any CPU.ActiveCfg = Release|Any CPU
		{3333A326-DDA2-4BD1-8030-72E0AC3B3EB2}.Release|Any CPU.Build.0 = Release|Any CPU
	EndGlobalSection
	GlobalSection(SolutionProperties) = preSolution
		HideSolutionNode = FALSE
	EndGlobalSection
	GlobalSection(ExtensibilityGlobals) = postSolution
		SolutionGuid = {65F33E96-26C4-4C01-AC0A-84375AD3304D}
	EndGlobalSection
EndGlobal
